github.com/SevereCloud/vksdk v1.10.0 h1:iKK2hHJSyW2yzd3ask3fxKPxmvAJ+5bqyCs/Sn4IBRQ=
github.com/SevereCloud/vksdk v1.10.0/go.mod h1:BUxU4W2WoFwFU83aopUmXKTjbdgDgEDCTGdOJfdxSB0=
github.com/SevereCloud/vksdk/v2 v2.10.0 h1:HFTKrRmWaPuRn46PtWjHFlJNElyWrNP3+J2b4j9ztpY=
github.com/SevereCloud/vksdk/v2 v2.10.0/go.mod h1:jCicWsIOXu4bfbGGuvVw4dM/EbrC8dOyA+0ccvhiFEo=
github.com/brunsgaard/go-pdfium-render v0.0.0-20190126055834-b01df5200e99 h1:KoiDHCuhDxx1A9S/8d5vDWrq8NC4Xn1beUE3Z5RMkxA=
github.com/brunsgaard/go-pdfium-render v0.0.0-20190126055834-b01df5200e99/go.mod h1:Dc+Yw8vVCccW1wj8/emIVeg8AQzabSojKj9cwxI6Y+4=
github.com/davecgh/go-spew v1.1.0/go.mod h1:J7Y8YcW2NihsgmVo/mv3lAwl/skON4iLHjSsI+c5H38=
github.com/gorilla/schema v1.1.0/go.mod h1:kgLaKoK1FELgZqMAVxx/5cbj0kT+57qxUrAlIO2eleU=
github.com/gorilla/schema v1.2.0/go.mod h1:kgLaKoK1FELgZqMAVxx/5cbj0kT+57qxUrAlIO2eleU=
github.com/gorilla/websocket v1.4.2/go.mod h1:YR8l580nyteQvAITg2hZ9XVh4b55+EU/adAjf1fMHhE=
github.com/pkg/errors v0.9.1 h1:FEBLx1zS214owpjy7qsBeixbURkuhQAwrK5UwLGTwt4=
github.com/pkg/errors v0.9.1/go.mod h1:bwawxfHBFNV+L2hUp1rHADufV3IMtnDRdf1r5NINEl0=
github.com/pmezard/go-difflib v1.0.0/go.mod h1:iKH77koFhYxTK1pcRnkKkqfTogsbg7gZNVY4sRDYZ/4=
github.com/rwestlund/gotex v0.0.0-20170412080108-3c68d9bfff3b h1:8h8zM6cvKacR9ytPSs1k0BGfUsXeOdEu+by82F1ooHY=
github.com/rwestlund/gotex v0.0.0-20170412080108-3c68d9bfff3b/go.mod h1:eMwKfukmxmiMHwKmz8LHWprZSVlzcHBGy2TSb+pBcDg=
github.com/stretchr/objx v0.1.0/go.mod h1:HFkY916IF+rwdDfMAkV7OtwuqBVzrE8GR6GFx+wExME=
github.com/stretchr/testify v1.6.1/go.mod h1:6Fq8oRcR53rry900zMqJjRRixrwX3KX962/h/Wwjteg=
github.com/stretchr/testify v1.7.0/go.mod h1:6Fq8oRcR53rry900zMqJjRRixrwX3KX962/h/Wwjteg=
golang.org/x/text v0.3.3/go.mod h1:5Zoc/QRtKVWzQhOtBMvqHzDpF6irO9z98xDceosuGiQ=
golang.org/x/text v0.3.5 h1:i6eZZ+zk0SOf0xgBpEpPD18qWcJda6q1sxt3S0kzyUQ=
golang.org/x/text v0.3.5/go.mod h1:5Zoc/QRtKVWzQhOtBMvqHzDpF6irO9z98xDceosuGiQ=
golang.org/x/tools v0.0.0-20180917221912-90fa682c2a6e/go.mod h1:n7NCudcB/nEzxVGmLbDWY5pfWTLqBcC2KZ6jyYvM4mQ=
gopkg.in/check.v1 v0.0.0-20161208181325-20d25e280405/go.mod h1:Co6ibVJAznAaIkqp8huTwlJQCZ016jof/cbN4VW5Yz0=
gopkg.in/yaml.v3 v3.0.0-20200313102051-9f266ea9e77c/go.mod h1:K4uyk7z7BCEPqu6E+C64Yfv1cQ7kz7rIZviUmN+EgEM=
